
Microsoft Visual Studio Solution File, Format Version 12.00
# Visual Studio Version 17
VisualStudioVersion = 17.11.35327.3
MinimumVisualStudioVersion = 10.0.40219.1
Project("{FAE04EC0-301F-11D3-BF4B-00C04F79EFBC}") = "Api.MOOC", "Api.MOOC\Api.MOOC.csproj", "{47A81020-3540-4CFD-963D-C1EA151F5168}"
EndProject
Global
	GlobalSection(SolutionConfigurationPlatforms) = preSolution
		Debug|Any CPU = Debug|Any CPU
		Release|Any CPU = Release|Any CPU
	EndGlobalSection
	GlobalSection(ProjectConfigurationPlatforms) = postSolution
		{47A81020-3540-4CFD-963D-C1EA151F5168}.Debug|Any CPU.ActiveCfg = Debug|Any CPU
		{47A81020-3540-4CFD-963D-C1EA151F5168}.Debug|Any CPU.Build.0 = Debug|Any CPU
		{47A81020-3540-4CFD-963D-C1EA151F5168}.Release|Any CPU.ActiveCfg = Release|Any CPU
		{47A81020-3540-4CFD-963D-C1EA151F5168}.Release|Any CPU.Build.0 = Release|Any CPU
	EndGlobalSection
	GlobalSection(SolutionProperties) = preSolution
		HideSolutionNode = FALSE
	EndGlobalSection
	GlobalSection(ExtensibilityGlobals) = postSolution
		SolutionGuid = {3FFB8F30-BAF2-4A91-B213-50B938D60D71}
	EndGlobalSection
EndGlobal
